
Microsoft Visual Studio Solution File, Format Version 12.00
# Visual Studio Version 16
VisualStudioVersion = 16.0.31205.134
MinimumVisualStudioVersion = 10.0.40219.1
Project("{FAE04EC0-301F-11D3-BF4B-00C04F79EFBC}") = "DofusCharacterGenerator", "DofusCharacterGenerator\DofusCharacterGenerator.csproj", "{2E99847A-4B2E-489C-9AA7-10C93F8F96C0}"
EndProject
Global
	GlobalSection(SolutionConfigurationPlatforms) = preSolution
		Debug|Any CPU = Debug|Any CPU
		Release|Any CPU = Release|Any CPU
	EndGlobalSection
	GlobalSection(ProjectConfigurationPlatforms) = postSolution
		{2E99847A-4B2E-489C-9AA7-10C93F8F96C0}.Debug|Any CPU.ActiveCfg = Debug|Any CPU
		{2E99847A-4B2E-489C-9AA7-10C93F8F96C0}.Debug|Any CPU.Build.0 = Debug|Any CPU
		{2E99847A-4B2E-489C-9AA7-10C93F8F96C0}.Release|Any CPU.ActiveCfg = Release|Any CPU
		{2E99847A-4B2E-489C-9AA7-10C93F8F96C0}.Release|Any CPU.Build.0 = Release|Any CPU
	EndGlobalSection
	GlobalSection(SolutionProperties) = preSolution
		HideSolutionNode = FALSE
	EndGlobalSection
	GlobalSection(ExtensibilityGlobals) = postSolution
		SolutionGuid = {63515B16-F51E-4503-AFBC-30034D35DCF0}
	EndGlobalSection
EndGlobal
